
Microsoft Visual Studio Solution File, Format Version 12.00
Project("{FAE04EC0-301F-11D3-BF4B-00C04F79EFBC}") = "WebApi.Presentation", "WebApi.Presentation\WebApi.Presentation.csproj", "{D426B7F2-DCCB-4C15-A58F-3B21FC9F96EF}"
EndProject
Project("{FAE04EC0-301F-11D3-BF4B-00C04F79EFBC}") = "WebApi.Domain", "WebApi.Domain\WebApi.Domain.csproj", "{F52E5B1D-B53D-4A5B-A7C3-B565B5A2FD7D}"
EndProject
Project("{FAE04EC0-301F-11D3-BF4B-00C04F79EFBC}") = "WebApi.Data", "WebApi.Data\WebApi.Data.csproj", "{187DCCED-A60C-4004-8662-47D77304A58A}"
EndProject
Global
	GlobalSection(SolutionConfigurationPlatforms) = preSolution
		Debug|Any CPU = Debug|Any CPU
		Release|Any CPU = Release|Any CPU
	EndGlobalSection
	GlobalSection(ProjectConfigurationPlatforms) = postSolution
		{D426B7F2-DCCB-4C15-A58F-3B21FC9F96EF}.Debug|Any CPU.ActiveCfg = Debug|Any CPU
		{D426B7F2-DCCB-4C15-A58F-3B21FC9F96EF}.Debug|Any CPU.Build.0 = Debug|Any CPU
		{D426B7F2-DCCB-4C15-A58F-3B21FC9F96EF}.Release|Any CPU.ActiveCfg = Release|Any CPU
		{D426B7F2-DCCB-4C15-A58F-3B21FC9F96EF}.Release|Any CPU.Build.0 = Release|Any CPU
		{F52E5B1D-B53D-4A5B-A7C3-B565B5A2FD7D}.Debug|Any CPU.ActiveCfg = Debug|Any CPU
		{F52E5B1D-B53D-4A5B-A7C3-B565B5A2FD7D}.Debug|Any CPU.Build.0 = Debug|Any CPU
		{F52E5B1D-B53D-4A5B-A7C3-B565B5A2FD7D}.Release|Any CPU.ActiveCfg = Release|Any CPU
		{F52E5B1D-B53D-4A5B-A7C3-B565B5A2FD7D}.Release|Any CPU.Build.0 = Release|Any CPU
		{187DCCED-A60C-4004-8662-47D77304A58A}.Debug|Any CPU.ActiveCfg = Debug|Any CPU
		{187DCCED-A60C-4004-8662-47D77304A58A}.Debug|Any CPU.Build.0 = Debug|Any CPU
		{187DCCED-A60C-4004-8662-47D77304A58A}.Release|Any CPU.ActiveCfg = Release|Any CPU
		{187DCCED-A60C-4004-8662-47D77304A58A}.Release|Any CPU.Build.0 = Release|Any CPU
	EndGlobalSection
EndGlobal
